
Microsoft Visual Studio Solution File, Format Version 12.00
# Visual Studio Version 17
VisualStudioVersion = 17.6.33712.159
MinimumVisualStudioVersion = 10.0.40219.1
Project("{FAE04EC0-301F-11D3-BF4B-00C04F79EFBC}") = "UsersApp", "UsersApp\UsersApp.csproj", "{4C0BB588-ACDE-4711-817D-EB418A08A0D5}"
EndProject
Global
	GlobalSection(SolutionConfigurationPlatforms) = preSolution
		Debug|Any CPU = Debug|Any CPU
		Release|Any CPU = Release|Any CPU
	EndGlobalSection
	GlobalSection(ProjectConfigurationPlatforms) = postSolution
		{4C0BB588-ACDE-4711-817D-EB418A08A0D5}.Debug|Any CPU.ActiveCfg = Debug|Any CPU
		{4C0BB588-ACDE-4711-817D-EB418A08A0D5}.Debug|Any CPU.Build.0 = Debug|Any CPU
		{4C0BB588-ACDE-4711-817D-EB418A08A0D5}.Release|Any CPU.ActiveCfg = Release|Any CPU
		{4C0BB588-ACDE-4711-817D-EB418A08A0D5}.Release|Any CPU.Build.0 = Release|Any CPU
	EndGlobalSection
	GlobalSection(SolutionProperties) = preSolution
		HideSolutionNode = FALSE
	EndGlobalSection
	GlobalSection(ExtensibilityGlobals) = postSolution
		SolutionGuid = {80D8D74C-B2C3-4C9F-9155-4B2088509553}
	EndGlobalSection
EndGlobal
